{
  "name": "demo",
  "version": "0.1.0",
  "lockfileVersion": 3,
  "requires": true,
  "packages": {
    "": {
      "name": "demo",
      "version": "0.1.0",
      "dependencies": {
        "@testing-library/jest-dom": "^5.17.0",
        "@testing-library/react": "^13.4.0",
        "@testing-library/user-event": "^13.5.0",
        "@types/jest": "^27.5.2",
        "@types/node": "^16.18.59",
        "@types/react": "^18.2.31",
        "@types/react-dom": "^18.2.14",
        "llm-ui-objects": "^1.3.0",
        "react": "^18.2.0",
        "react-dom": "^18.2.0",
        "react-scripts": "5.0.1",
        "typescript": "^4.9.5",
        "web-vitals": "^2.1.4"
      }
    },
    "node_modules/@aashutoshrathi/word-wrap": {
      "version": "1.2.6",
      "resolved": "https://registry.npmjs.org/@aashutoshrathi/word-wrap/-/word-wrap-1.2.6.tgz",
      "integrity": "sha512-1Yjs2SvM8TflER/OD3cOjhWWOZb58A2t7wpE2S9XfBYTiIl+XFhQG2bjy4Pu1I+EAlCNUzRDYDdFwFYUKvXcIA==",
      "engines": {
        "node": ">=0.10.0"
      }
    },
    "node_modules/@adobe/css-tools": {
      "version": "4.3.1",
      "resolved": "https://registry.npmjs.org/@adobe/css-tools/-/css-tools-4.3.1.tgz",
      "integrity": "sha512-/62yikz7NLScCGAAST5SHdnjaDJQBDq0M2muyRTpf2VQhw6StBg2ALiu73zSJQ4fMVLA+0uBhBHAle7Wg+2kSg=="
    },
    "node_modules/@alloc/quick-lru": {
      "version": "5.2.0",
      "resolved": "https://registry.npmjs.org/@alloc/quick-lru/-/quick-lru-5.2.0.tgz",
      "integrity": "sha512-UrcABB+4bUrFABwbluTIBErXwvbsU/V7TZWfmbgJfbkwiBuziS9gxd